{
    "_readme": [
        "This file locks the dependencies of your project to a known state",
        "Read more about it at https://getcomposer.org/doc/01-basic-usage.md#composer-lock-the-lock-file",
        "This file is @generated automatically"
    ],
    "content-hash": "ae0cdbea52f3fdae525c65da5e64589c",
    "packages": [
        {
            "name": "ip2location/ip2location-php",
            "version": "8.0.2",
            "source": {
                "type": "git",
                "url": "https://github.com/chrislim2888/IP2Location-PHP-Module.git",
                "reference": "f91778011049b808d91f956710a81eb750871989"
            },
            "dist": {
                "type": "zip",
                "url": "https://api.github.com/repos/chrislim2888/IP2Location-PHP-Module/zipball/f91778011049b808d91f956710a81eb750871989",
                "reference": "f91778011049b808d91f956710a81eb750871989",
                "shasum": ""
            },
            "type": "library",
            "autoload": {
                "classmap": [
                    "IP2Location.php"
                ]
            },
            "notification-url": "https://packagist.org/downloads/",
            "license": [
                "LGPLv3"
            ],
            "authors": [
                {
                    "name": "IP2Location",
                    "email": "support@ip2location.com",
                    "homepage": "http://www.ip2location.com"
                }
            ],
            "description": "[Official Release] IP2Location PHP API to get location info from IPv4 and IPv6 address.",
            "homepage": "http://www.ip2location.com",
            "keywords": [
                "geolocation",
                "ip2location",
                "ip2locationlite"
            ],
            "time": "2016-10-02T02:03:58+00:00"
        }
    ],
    "packages-dev": [],
    "aliases": [],
    "minimum-stability": "stable",
    "stability-flags": [],
    "prefer-stable": false,
    "prefer-lowest": false,
    "platform": [],
    "platform-dev": []
}
